lockfileVersion: '9.0'

settings:
  autoInstallPeers: true
  excludeLinksFromLockfile: false

importers:

  .:
    dependencies:
      D:
        specifier: ^1.0.0
        version: 1.0.0
      nan:
        specifier: ^2.14.2
        version: 2.22.0
      tree-sitter-cli:
        specifier: ^0.20.8
        version: 0.20.8

packages:

  D@1.0.0:
    resolution: {integrity: sha512-nQvrCBu7K2pSSEtIM0EEF03FVjcczCXInMt3moLNFbjlWx6bZrX72uT6/1uAXDbnzGUAx9gTyDiQ+vrFi663oA==}
    deprecated: Package no longer supported. Contact support@npmjs.com for more info.

  nan@2.22.0:
    resolution: {integrity: sha512-nbajikzWTMwsW+eSsNm3QwlOs7het9gGJU5dDZzRTQGk03vyBOauxgI4VakDzE0PtsGTmXPsXTbbjVhRwR5mpw==}

  tree-sitter-cli@0.20.8:
    resolution: {integrity: sha512-XjTcS3wdTy/2cc/ptMLc/WRyOLECRYcMTrSWyhZnj1oGSOWbHLTklgsgRICU3cPfb0vy+oZCC33M43u6R1HSCA==}
    hasBin: true

snapshots:

  D@1.0.0: {}

  nan@2.22.0: {}

  tree-sitter-cli@0.20.8: {}
